{
  "name": "local-ai-coding-assistant",
  "version": "0.1.0",
  "lockfileVersion": 3,
  "requires": true,
  "packages": {
    "": {
      "name": "local-ai-coding-assistant",
      "version": "0.1.0",
      "license": "MIT",
      "bin": {
        "lac": "src/cli.js"
      },
      "engines": {
        "node": ">=18"
      }
    }
  }
}
